
Microsoft Visual Studio Solution File, Format Version 12.00
# Visual Studio 15
VisualStudioVersion = 15.0.26228.9
MinimumVisualStudioVersion = 10.0.40219.1
Project("{FAE04EC0-301F-11D3-BF4B-00C04F79EFBC}") = "SurveyTool", "SurveyTool\SurveyTool.csproj", "{65FEEF19-9DA0-4A83-A423-1817D3F0A06B}"
EndProject
Global
	GlobalSection(SolutionConfigurationPlatforms) = preSolution
		Debug|Any CPU = Debug|Any CPU
		Release|Any CPU = Release|Any CPU
	EndGlobalSection
	GlobalSection(ProjectConfigurationPlatforms) = postSolution
		{65FEEF19-9DA0-4A83-A423-1817D3F0A06B}.Debug|Any CPU.ActiveCfg = Debug|Any CPU
		{65FEEF19-9DA0-4A83-A423-1817D3F0A06B}.Debug|Any CPU.Build.0 = Debug|Any CPU
		{65FEEF19-9DA0-4A83-A423-1817D3F0A06B}.Release|Any CPU.ActiveCfg = Release|Any CPU
		{65FEEF19-9DA0-4A83-A423-1817D3F0A06B}.Release|Any CPU.Build.0 = Release|Any CPU
	EndGlobalSection
	GlobalSection(SolutionProperties) = preSolution
		HideSolutionNode = FALSE
	EndGlobalSection
	GlobalSection(CodealikeProperties) = postSolution
		SolutionGuid = 3a526119-1fdd-4895-ac52-a82e4825a78d
	EndGlobalSection
EndGlobal
